// !$*UTF8*$!
{
	archiveVersion = 1;
	classes = {
	};
	objectVersion = 50;
	objects = {

/* Begin PBXBuildFile section */
		1E5DEA43222111DB000A74C1 /* AppDelegate.swift in Sources */ = {isa = PBXBuildFile; fileRef = 1E5DEA42222111DB000A74C1 /* AppDelegate.swift */; };
		1E5DEA45222111DB000A74C1 /* ViewController.swift in Sources */ = {isa = PBXBuildFile; fileRef = 1E5DEA44222111DB000A74C1 /* ViewController.swift */; };
		1E5DEA48222111DB000A74C1 /* Main.storyboard in Resources */ = {isa = PBXBuildFile; fileRef = 1E5DEA46222111DB000A74C1 /* Main.storyboard */; };
		1E5DEA4B222111DB000A74C1 /* Quiz_2.xcdatamodeld in Sources */ = {isa = PBXBuildFile; fileRef = 1E5DEA49222111DB000A74C1 /* Quiz_2.xcdatamodeld */; };
		1E5DEA4D222111DC000A74C1 /* Assets.xcassets in Resources */ = {isa = PBXBuildFile; fileRef = 1E5DEA4C222111DC000A74C1 /* Assets.xcassets */; };
		1E5DEA50222111DC000A74C1 /* LaunchScreen.storyboard in Resources */ = {isa = PBXBuildFile; fileRef = 1E5DEA4E222111DC000A74C1 /* LaunchScreen.storyboard */; };
		589D4D601226718D498EBA39 /* Pods_Quiz_2.framework in Frameworks */ = {isa = PBXBuildFile; fileRef = E7DDC4EA898CDDEB07F02596 /* Pods_Quiz_2.framework */; };
/* End PBXBuildFile section */

/* Begin PBXFileReference section */
		12364FA131CF7665B674A877 /* Pods-Quiz-2.release.xcconfig */ = {isa = PBXFileReference; includeInIndex = 1; lastKnownFileType = text.xcconfig; name = "Pods-Quiz-2.release.xcconfig"; path = "Pods/Target Support Files/Pods-Quiz-2/Pods-Quiz-2.release.xcconfig"; sourceTree = "<group>"; };
		1E5DEA3F222111DB000A74C1 /* Quiz-2.app */ = {isa = PBXFileReference; explicitFileType = wrapper.application; includeInIndex = 0; path = "Quiz-2.app"; sourceTree = BUILT_PRODUCTS_DIR; };
		1E5DEA42222111DB000A74C1 /* AppDelegate.swift */ = {isa = PBXFileReference; lastKnownFileType = sourcecode.swift; path = AppDelegate.swift; sourceTree = "<group>"; };
		1E5DEA44222111DB000A74C1 /* ViewController.swift */ = {isa = PBXFileReference; lastKnownFileType = sourcecode.swift; path = ViewController.swift; sourceTree = "<group>"; };
		1E5DEA47222111DB000A74C1 /* Base */ = {isa = PBXFileReference; lastKnownFileType = file.storyboard; name = Base; path = Base.lproj/Main.storyboard; sourceTree = "<group>"; };
		1E5DEA4A222111DB000A74C1 /* Quiz_2.xcdatamodel */ = {isa = PBXFileReference; lastKnownFileType = wrapper.xcdatamodel; path = Quiz_2.xcdatamodel; sourceTree = "<group>"; };
		1E5DEA4C222111DC000A74C1 /* Assets.xcassets */ = {isa = PBXFileReference; lastKnownFileType = folder.assetcatalog; path = Assets.xcassets; sourceTree = "<group>"; };
		1E5DEA4F222111DC000A74C1 /* Base */ = {isa = PBXFileReference; lastKnownFileType = file.storyboard; name = Base; path = Base.lproj/LaunchScreen.storyboard; sourceTree = "<group>"; };
		1E5DEA51222111DC000A74C1 /* Info.plist */ = {isa = PBXFileReference; lastKnownFileType = text.plist.xml; path = Info.plist; sourceTree = "<group>"; };
		DBB0003C9595376E2C253D3B /* Pods-Quiz-2.debug.xcconfig */ = {isa = PBXFileReference; includeInIndex = 1; lastKnownFileType = text.xcconfig; name = "Pods-Quiz-2.debug.xcconfig"; path = "Pods/Target Support Files/Pods-Quiz-2/Pods-Quiz-2.debug.xcconfig"; sourceTree = "<group>"; };
		E7DDC4EA898CDDEB07F02596 /* Pods_Quiz_2.framework */ = {isa = PBXFileReference; explicitFileType = wrapper.framework; includeInIndex = 0; path = Pods_Quiz_2.framework; sourceTree = BUILT_PRODUCTS_DIR; };
/* End PBXFileReference section */

/* Begin PBXFrameworksBuildPhase section */
		1E5DEA3C222111DB000A74C1 /* Frameworks */ = {
			isa = PBXFrameworksBuildPhase;
			buildActionMask = 2147483647;
			files = (
				589D4D601226718D498EBA39 /* Pods_Quiz_2.framework in Frameworks */,
			);
			runOnlyForDeploymentPostprocessing = 0;
		};
/* End PBXFrameworksBuildPhase section */

/* Begin PBXGroup section */
		1E5DEA36222111DB000A74C1 = {
			isa = PBXGroup;
			children = (
				1E5DEA41222111DB000A74C1 /* Quiz-2 */,
				1E5DEA40222111DB000A74C1 /* Products */,
				3F8E0B689F703F43CE294F21 /* Pods */,
				C7F72E0680281135A432C8E5 /* Frameworks */,
			);
			sourceTree = "<group>";
		};
		1E5DEA40222111DB000A74C1 /* Products */ = {
			isa = PBXGroup;
			children = (
				1E5DEA3F222111DB000A74C1 /* Quiz-2.app */,
			);
			name = Products;
			sourceTree = "<group>";
		};
		1E5DEA41222111DB000A74C1 /* Quiz-2 */ = {
			isa = PBXGroup;
			children = (
				1E5DEA59222112D0000A74C1 /* Models */,
				1E5DEA57222112B6000A74C1 /* Scenes */,
				1E5DEA42222111DB000A74C1 /* AppDelegate.swift */,
				1E5DEA46222111DB000A74C1 /* Main.storyboard */,
				1E5DEA4C222111DC000A74C1 /* Assets.xcassets */,
				1E5DEA4E222111DC000A74C1 /* LaunchScreen.storyboard */,
				1E5DEA51222111DC000A74C1 /* Info.plist */,
				1E5DEA49222111DB000A74C1 /* Quiz_2.xcdatamodeld */,
			);
			path = "Quiz-2";
			sourceTree = "<group>";
		};
		1E5DEA57222112B6000A74C1 /* Scenes */ = {
			isa = PBXGroup;
			children = (
				1E5DEA44222111DB000A74C1 /* ViewController.swift */,
			);
			path = Scenes;
			sourceTree = "<group>";
		};
		1E5DEA59222112D0000A74C1 /* Models */ = {
			isa = PBXGroup;
			children = (
			);
			path = Models;
			sourceTree = "<group>";
		};
		3F8E0B689F703F43CE294F21 /* Pods */ = {
			isa = PBXGroup;
			children = (
				DBB0003C9595376E2C253D3B /* Pods-Quiz-2.debug.xcconfig */,
				12364FA131CF7665B674A877 /* Pods-Quiz-2.release.xcconfig */,
			);
			name = Pods;
			sourceTree = "<group>";
		};
		C7F72E0680281135A432C8E5 /* Frameworks */ = {
			isa = PBXGroup;
			children = (
				E7DDC4EA898CDDEB07F02596 /* Pods_Quiz_2.framework */,
			);
			name = Frameworks;
			sourceTree = "<group>";
		};
/* End PBXGroup section */

/* Begin PBXNativeTarget section */
		1E5DEA3E222111DB000A74C1 /* Quiz-2 */ = {
			isa = PBXNativeTarget;
			buildConfigurationList = 1E5DEA54222111DC000A74C1 /* Build configuration list for PBXNativeTarget "Quiz-2" */;
			buildPhases = (
				FB4EF90AAAE9A3AD78964381 /* [CP] Check Pods Manifest.lock */,
				1E5DEA3B222111DB000A74C1 /* Sources */,
				1E5DEA3C222111DB000A74C1 /* Frameworks */,
				1E5DEA3D222111DB000A74C1 /* Resources */,
				909EF0C21E6824C7E0208E3C /* [CP] Embed Pods Frameworks */,
			);
			buildRules = (
			);
			dependencies = (
			);
			name = "Quiz-2";
			productName = "Quiz-2";
			productReference = 1E5DEA3F222111DB000A74C1 /* Quiz-2.app */;
			productType = "com.apple.product-type.application";
		};
/* End PBXNativeTarget section */

/* Begin PBXProject section */
		1E5DEA37222111DB000A74C1 /* Project object */ = {
			isa = PBXProject;
			attributes = {
				LastSwiftUpdateCheck = 1010;
				LastUpgradeCheck = 1010;
				ORGANIZATIONNAME = Gupps;
				TargetAttributes = {
					1E5DEA3E222111DB000A74C1 = {
						CreatedOnToolsVersion = 10.1;
					};
				};
			};
			buildConfigurationList = 1E5DEA3A222111DB000A74C1 /* Build configuration list for PBXProject "Quiz-2" */;
			compatibilityVersion = "Xcode 9.3";
			developmentRegion = en;
			hasScannedForEncodings = 0;
			knownRegions = (
				en,
				Base,
			);
			mainGroup = 1E5DEA36222111DB000A74C1;
			productRefGroup = 1E5DEA40222111DB000A74C1 /* Products */;
			projectDirPath = "";
			projectRoot = "";
			targets = (
				1E5DEA3E222111DB000A74C1 /* Quiz-2 */,
			);
		};
/* End PBXProject section */

/* Begin PBXResourcesBuildPhase section */
		1E5DEA3D222111DB000A74C1 /* Resources */ = {
			isa = PBXResourcesBuildPhase;
			buildActionMask = 2147483647;
			files = (
				1E5DEA50222111DC000A74C1 /* LaunchScreen.storyboard in Resources */,
				1E5DEA4D222111DC000A74C1 /* Assets.xcassets in Resources */,
				1E5DEA48222111DB000A74C1 /* Main.storyboard in Resources */,
			);
			runOnlyForDeploymentPostprocessing = 0;
		};
/* End PBXResourcesBuildPhase section */

/* Begin PBXShellScriptBuildPhase section */
		909EF0C21E6824C7E0208E3C /* [CP] Embed Pods Frameworks */ = {
			isa = PBXShellScriptBuildPhase;
			buildActionMask = 2147483647;
			files = (
			);
			inputFileListPaths = (
			);
			inputPaths = (
				"${SRCROOT}/Pods/Target Support Files/Pods-Quiz-2/Pods-Quiz-2-frameworks.sh",
				"${BUILT_PRODUCTS_DIR}/Realm/Realm.framework",
				"${BUILT_PRODUCTS_DIR}/RealmSwift/RealmSwift.framework",
			);
			name = "[CP] Embed Pods Frameworks";
			outputFileListPaths = (
			);
			outputPaths = (
				"${TARGET_BUILD_DIR}/${FRAMEWORKS_FOLDER_PATH}/Realm.framework",
				"${TARGET_BUILD_DIR}/${FRAMEWORKS_FOLDER_PATH}/RealmSwift.framework",
			);
			runOnlyForDeploymentPostprocessing = 0;
			shellPath = /bin/sh;
			shellScript = "\"${SRCROOT}/Pods/Target Support Files/Pods-Quiz-2/Pods-Quiz-2-frameworks.sh\"\n";
			showEnvVarsInLog = 0;
		};
		FB4EF90AAAE9A3AD78964381 /* [CP] Check Pods Manifest.lock */ = {
			isa = PBXShellScriptBuildPhase;
			buildActionMask = 2147483647;
			files = (
			);
			inputFileListPaths = (
			);
			inputPaths = (
				"${PODS_PODFILE_DIR_PATH}/Podfile.lock",
				"${PODS_ROOT}/Manifest.lock",
			);
			name = "[CP] Check Pods Manifest.lock";
			outputFileListPaths = (
			);
			outputPaths = (
				"$(DERIVED_FILE_DIR)/Pods-Quiz-2-checkManifestLockResult.txt",
			);
			runOnlyForDeploymentPostprocessing = 0;
			shellPath = /bin/sh;
			shellScript = "diff \"${PODS_PODFILE_DIR_PATH}/Podfile.lock\" \"${PODS_ROOT}/Manifest.lock\" > /dev/null\nif [ $? != 0 ] ; then\n    # print error to STDERR\n    echo \"error: The sandbox is not in sync with the Podfile.lock. Run 'pod install' or update your CocoaPods installation.\" >&2\n    exit 1\nfi\n# This output is used by Xcode 'outputs' to avoid re-running this script phase.\necho \"SUCCESS\" > \"${SCRIPT_OUTPUT_FILE_0}\"\n";
			showEnvVarsInLog = 0;
		};
/* End PBXShellScriptBuildPhase section */

/* Begin PBXSourcesBuildPhase section */
		1E5DEA3B222111DB000A74C1 /* Sources */ = {
			isa = PBXSourcesBuildPhase;
			buildActionMask = 2147483647;
			files = (
				1E5DEA4B222111DB000A74C1 /* Quiz_2.xcdatamodeld in Sources */,
				1E5DEA45222111DB000A74C1 /* ViewController.swift in Sources */,
				1E5DEA43222111DB000A74C1 /* AppDelegate.swift in Sources */,
			);
			runOnlyForDeploymentPostprocessing = 0;
		};
/* End PBXSourcesBuildPhase section */

/* Begin PBXVariantGroup section */
		1E5DEA46222111DB000A74C1 /* Main.storyboard */ = {
			isa = PBXVariantGroup;
			children = (
				1E5DEA47222111DB000A74C1 /* Base */,
			);
			name = Main.storyboard;
			sourceTree = "<group>";
		};
		1E5DEA4E222111DC000A74C1 /* LaunchScreen.storyboard */ = {
			isa = PBXVariantGroup;
			children = (
				1E5DEA4F222111DC000A74C1 /* Base */,
			);
			name = LaunchScreen.storyboard;
			sourceTree = "<group>";
		};
/* End PBXVariantGroup section */

/* Begin XCBuildConfiguration section */
		1E5DEA52222111DC000A74C1 /* Debug */ = {
			isa = XCBuildConfiguration;
			buildSettings = {
				ALWAYS_SEARCH_USER_PATHS = NO;
				CLANG_ANALYZER_NONNULL = YES;
				CLANG_ANALYZER_NUMBER_OBJECT_CONVERSION = YES_AGGRESSIVE;
				CLANG_CXX_LANGUAGE_STANDARD = "gnu++14";
				CLANG_CXX_LIBRARY = "libc++";
				CLANG_ENABLE_MODULES = YES;
				CLANG_ENABLE_OBJC_ARC = YES;
				CLANG_ENABLE_OBJC_WEAK = YES;
				CLANG_WARN_BLOCK_CAPTURE_AUTORELEASING = YES;
				CLANG_WARN_BOOL_CONVERSION = YES;
				CLANG_WARN_COMMA = YES;
				CLANG_WARN_CONSTANT_CONVERSION = YES;
				CLANG_WARN_DEPRECATED_OBJC_IMPLEMENTATIONS = YES;
				CLANG_WARN_DIRECT_OBJC_ISA_USAGE = YES_ERROR;
				CLANG_WARN_DOCUMENTATION_COMMENTS = YES;
				CLANG_WARN_EMPTY_BODY = YES;
				CLANG_WARN_ENUM_CONVERSION = YES;
				CLANG_WARN_INFINITE_RECURSION = YES;
				CLANG_WARN_INT_CONVERSION = YES;
				CLANG_WARN_NON_LITERAL_NULL_CONVERSION = YES;
				CLANG_WARN_OBJC_IMPLICIT_RETAIN_SELF = YES;
				CLANG_WARN_OBJC_LITERAL_CONVERSION = YES;
				CLANG_WARN_OBJC_ROOT_CLASS = YES_ERROR;
				CLANG_WARN_RANGE_LOOP_ANALYSIS = YES;
				CLANG_WARN_STRICT_PROTOTYPES = YES;
				CLANG_WARN_SUSPICIOUS_MOVE = YES;
				CLANG_WARN_UNGUARDED_AVAILABILITY = YES_AGGRESSIVE;
				CLANG_WARN_UNREACHABLE_CODE = YES;
				CLANG_WARN__DUPLICATE_METHOD_MATCH = YES;
				CODE_SIGN_IDENTITY = "iPhone Developer";
				COPY_PHASE_STRIP = NO;
				DEBUG_INFORMATION_FORMAT = dwarf;
				ENABLE_STRICT_OBJC_MSGSEND = YES;
				ENABLE_TESTABILITY = YES;
				GCC_C_LANGUAGE_STANDARD = gnu11;
				GCC_DYNAMIC_NO_PIC = NO;
				GCC_NO_COMMON_BLOCKS = YES;
				GCC_OPTIMIZATION_LEVEL = 0;
				GCC_PREPROCESSOR_DEFINITIONS = (
					"DEBUG=1",
					"$(inherited)",
				);
				GCC_WARN_64_TO_32_BIT_CONVERSION = YES;
				GCC_WARN_ABOUT_RETURN_TYPE = YES_ERROR;
				GCC_WARN_UNDECLARED_SELECTOR = YES;
				GCC_WARN_UNINITIALIZED_AUTOS = YES_AGGRESSIVE;
				GCC_WARN_UNUSED_FUNCTION = YES;
				GCC_WARN_UNUSED_VARIABLE = YES;
				IPHONEOS_DEPLOYMENT_TARGET = 12.1;
				MTL_ENABLE_DEBUG_INFO = INCLUDE_SOURCE;
				MTL_FAST_MATH = YES;
				ONLY_ACTIVE_ARCH = YES;
				SDKROOT = iphoneos;
				SWIFT_ACTIVE_COMPILATION_CONDITIONS = DEBUG;
				SWIFT_OPTIMIZATION_LEVEL = "-Onone";
			};
			name = Debug;
		};
		1E5DEA53222111DC000A74C1 /* Release */ = {
			isa = XCBuildConfiguration;
			buildSettings = {
				ALWAYS_SEARCH_USER_PATHS = NO;
				CLANG_ANALYZER_NONNULL = YES;
				CLANG_ANALYZER_NUMBER_OBJECT_CONVERSION = YES_AGGRESSIVE;
				CLANG_CXX_LANGUAGE_STANDARD = "gnu++14";
				CLANG_CXX_LIBRARY = "libc++";
				CLANG_ENABLE_MODULES = YES;
				CLANG_ENABLE_OBJC_ARC = YES;
				CLANG_ENABLE_OBJC_WEAK = YES;
				CLANG_WARN_BLOCK_CAPTURE_AUTORELEASING = YES;
				CLANG_WARN_BOOL_CONVERSION = YES;
				CLANG_WARN_COMMA = YES;
				CLANG_WARN_CONSTANT_CONVERSION = YES;
				CLANG_WARN_DEPRECATED_OBJC_IMPLEMENTATIONS = YES;
				CLANG_WARN_DIRECT_OBJC_ISA_USAGE = YES_ERROR;
				CLANG_WARN_DOCUMENTATION_COMMENTS = YES;
				CLANG_WARN_EMPTY_BODY = YES;
				CLANG_WARN_ENUM_CONVERSION = YES;
				CLANG_WARN_INFINITE_RECURSION = YES;
				CLANG_WARN_INT_CONVERSION = YES;
				CLANG_WARN_NON_LITERAL_NULL_CONVERSION = YES;
				CLANG_WARN_OBJC_IMPLICIT_RETAIN_SELF = YES;
				CLANG_WARN_OBJC_LITERAL_CONVERSION = YES;
				CLANG_WARN_OBJC_ROOT_CLASS = YES_ERROR;
				CLANG_WARN_RANGE_LOOP_ANALYSIS = YES;
				CLANG_WARN_STRICT_PROTOTYPES = YES;
				CLANG_WARN_SUSPICIOUS_MOVE = YES;
				CLANG_WARN_UNGUARDED_AVAILABILITY = YES_AGGRESSIVE;
				CLANG_WARN_UNREACHABLE_CODE = YES;
				CLANG_WARN__DUPLICATE_METHOD_MATCH = YES;
				CODE_SIGN_IDENTITY = "iPhone Developer";
				COPY_PHASE_STRIP = NO;
				DEBUG_INFORMATION_FORMAT = "dwarf-with-dsym";
				ENABLE_NS_ASSERTIONS = NO;
				ENABLE_STRICT_OBJC_MSGSEND = YES;
				GCC_C_LANGUAGE_STANDARD = gnu11;
				GCC_NO_COMMON_BLOCKS = YES;
				GCC_WARN_64_TO_32_BIT_CONVERSION = YES;
				GCC_WARN_ABOUT_RETURN_TYPE = YES_ERROR;
				GCC_WARN_UNDECLARED_SELECTOR = YES;
				GCC_WARN_UNINITIALIZED_AUTOS = YES_AGGRESSIVE;
				GCC_WARN_UNUSED_FUNCTION = YES;
				GCC_WARN_UNUSED_VARIABLE = YES;
				IPHONEOS_DEPLOYMENT_TARGET = 12.1;
				MTL_ENABLE_DEBUG_INFO = NO;
				MTL_FAST_MATH = YES;
				SDKROOT = iphoneos;
				SWIFT_COMPILATION_MODE = wholemodule;
				SWIFT_OPTIMIZATION_LEVEL = "-O";
				VALIDATE_PRODUCT = YES;
			};
			name = Release;
		};
		1E5DEA55222111DC000A74C1 /* Debug */ = {
			isa = XCBuildConfiguration;
			baseConfigurationReference = DBB0003C9595376E2C253D3B /* Pods-Quiz-2.debug.xcconfig */;
			buildSettings = {
				ASSETCATALOG_COMPILER_APPICON_NAME = AppIcon;
				CODE_SIGN_STYLE = Automatic;
				DEVELOPMENT_TEAM = 5UR7RKJ7XF;
				INFOPLIST_FILE = "Quiz-2/Info.plist";
				LD_RUNPATH_SEARCH_PATHS = (
					"$(inherited)",
					"@executable_path/Frameworks",
				);
				PRODUCT_BUNDLE_IDENTIFIER = "com.gupps.Quiz-2";
				PRODUCT_NAME = "$(TARGET_NAME)";
				SWIFT_VERSION = 4.2;
				TARGETED_DEVICE_FAMILY = "1,2";
			};
			name = Debug;
		};
		1E5DEA56222111DC000A74C1 /* Release */ = {
			isa = XCBuildConfiguration;
			baseConfigurationReference = 12364FA131CF7665B674A877 /* Pods-Quiz-2.release.xcconfig */;
			buildSettings = {
				ASSETCATALOG_COMPILER_APPICON_NAME = AppIcon;
				CODE_SIGN_STYLE = Automatic;
				DEVELOPMENT_TEAM = 5UR7RKJ7XF;
				INFOPLIST_FILE = "Quiz-2/Info.plist";
				LD_RUNPATH_SEARCH_PATHS = (
					"$(inherited)",
					"@executable_path/Frameworks",
				);
				PRODUCT_BUNDLE_IDENTIFIER = "com.gupps.Quiz-2";
				PRODUCT_NAME = "$(TARGET_NAME)";
				SWIFT_VERSION = 4.2;
				TARGETED_DEVICE_FAMILY = "1,2";
			};
			name = Release;
		};
/* End XCBuildConfiguration section */

/* Begin XCConfigurationList section */
		1E5DEA3A222111DB000A74C1 /* Build configuration list for PBXProject "Quiz-2" */ = {
			isa = XCConfigurationList;
			buildConfigurations = (
				1E5DEA52222111DC000A74C1 /* Debug */,
				1E5DEA53222111DC000A74C1 /* Release */,
			);
			defaultConfigurationIsVisible = 0;
			defaultConfigurationName = Release;
		};
		1E5DEA54222111DC000A74C1 /* Build configuration list for PBXNativeTarget "Quiz-2" */ = {
			isa = XCConfigurationList;
			buildConfigurations = (
				1E5DEA55222111DC000A74C1 /* Debug */,
				1E5DEA56222111DC000A74C1 /* Release */,
			);
			defaultConfigurationIsVisible = 0;
			defaultConfigurationName = Release;
		};
/* End XCConfigurationList section */

/* Begin XCVersionGroup section */
		1E5DEA49222111DB000A74C1 /* Quiz_2.xcdatamodeld */ = {
			isa = XCVersionGroup;
			children = (
				1E5DEA4A222111DB000A74C1 /* Quiz_2.xcdatamodel */,
			);
			currentVersion = 1E5DEA4A222111DB000A74C1 /* Quiz_2.xcdatamodel */;
			path = Quiz_2.xcdatamodeld;
			sourceTree = "<group>";
			versionGroupType = wrapper.xcdatamodel;
		};
/* End XCVersionGroup section */
	};
	rootObject = 1E5DEA37222111DB000A74C1 /* Project object */;
}
